
Microsoft Visual Studio Solution File, Format Version 12.00
# Visual Studio Version 17
VisualStudioVersion = 17.5.002.0
MinimumVisualStudioVersion = 10.0.40219.1
Project("{9A19103F-16F7-4668-BE54-9A1E7A4F7556}") = "Messaging-system", "Messaging-system.csproj", "{70CB7993-5D5F-4ABB-9F04-E25C2BB0DA34}"
EndProject
Global
	GlobalSection(SolutionConfigurationPlatforms) = preSolution
		Debug|Any CPU = Debug|Any CPU
		Release|Any CPU = Release|Any CPU
	EndGlobalSection
	GlobalSection(ProjectConfigurationPlatforms) = postSolution
		{70CB7993-5D5F-4ABB-9F04-E25C2BB0DA34}.Debug|Any CPU.ActiveCfg = Debug|Any CPU
		{70CB7993-5D5F-4ABB-9F04-E25C2BB0DA34}.Debug|Any CPU.Build.0 = Debug|Any CPU
		{70CB7993-5D5F-4ABB-9F04-E25C2BB0DA34}.Release|Any CPU.ActiveCfg = Release|Any CPU
		{70CB7993-5D5F-4ABB-9F04-E25C2BB0DA34}.Release|Any CPU.Build.0 = Release|Any CPU
	EndGlobalSection
	GlobalSection(SolutionProperties) = preSolution
		HideSolutionNode = FALSE
	EndGlobalSection
	GlobalSection(ExtensibilityGlobals) = postSolution
		SolutionGuid = {DD559AB5-7F36-4C45-AF94-C00E1BE2AC22}
	EndGlobalSection
EndGlobal
